
Microsoft Visual Studio Solution File, Format Version 12.00
# Visual Studio Version 16
VisualStudioVersion = 16.0.31424.327
MinimumVisualStudioVersion = 10.0.40219.1
Project("{FAE04EC0-301F-11D3-BF4B-00C04F79EFBC}") = "TG_App.UWP", "TG_App.UWP\TG_App.UWP.csproj", "{8FBC0D39-DB2B-4CE6-9F7B-550BAFD8848D}"
EndProject
Project("{FAE04EC0-301F-11D3-BF4B-00C04F79EFBC}") = "TG_App.Android", "TG_App.Android\TG_App.Android.csproj", "{142A896D-3C96-4A55-93E5-189CB859D6A5}"
EndProject
Project("{FAE04EC0-301F-11D3-BF4B-00C04F79EFBC}") = "TG_App.iOS", "TG_App.iOS\TG_App.iOS.csproj", "{1DF0D252-A847-4FD4-80C8-0891134C459F}"
EndProject
Project("{FAE04EC0-301F-11D3-BF4B-00C04F79EFBC}") = "TG_App", "TG_App\TG_App.csproj", "{811A8639-4A11-4958-9EFE-2449EC23EE12}"
EndProject
Global
	GlobalSection(SolutionConfigurationPlatforms) = preSolution
		Debug|Any CPU = Debug|Any CPU
		Debug|ARM = Debug|ARM
		Debug|iPhone = Debug|iPhone
		Debug|iPhoneSimulator = Debug|iPhoneSimulator
		Debug|x64 = Debug|x64
		Debug|x86 = Debug|x86
		Release|Any CPU = Release|Any CPU
		Release|ARM = Release|ARM
		Release|iPhone = Release|iPhone
		Release|iPhoneSimulator = Release|iPhoneSimulator
		Release|x64 = Release|x64
		Release|x86 = Release|x86
	EndGlobalSection
	GlobalSection(ProjectConfigurationPlatforms) = postSolution
		{8FBC0D39-DB2B-4CE6-9F7B-550BAFD8848D}.Debug|Any CPU.ActiveCfg = Debug|x86
		{8FBC0D39-DB2B-4CE6-9F7B-550BAFD8848D}.Debug|Any CPU.Build.0 = Debug|x86
		{8FBC0D39-DB2B-4CE6-9F7B-550BAFD8848D}.Debug|Any CPU.Deploy.0 = Debug|x86
		{8FBC0D39-DB2B-4CE6-9F7B-550BAFD8848D}.Debug|ARM.ActiveCfg = Debug|ARM
		{8FBC0D39-DB2B-4CE6-9F7B-550BAFD8848D}.Debug|ARM.Build.0 = Debug|ARM
		{8FBC0D39-DB2B-4CE6-9F7B-550BAFD8848D}.Debug|ARM.Deploy.0 = Debug|ARM
		{8FBC0D39-DB2B-4CE6-9F7B-550BAFD8848D}.Debug|iPhone.ActiveCfg = Debug|x86
		{8FBC0D39-DB2B-4CE6-9F7B-550BAFD8848D}.Debug|iPhone.Build.0 = Debug|x86
		{8FBC0D39-DB2B-4CE6-9F7B-550BAFD8848D}.Debug|iPhone.Deploy.0 = Debug|x86
		{8FBC0D39-DB2B-4CE6-9F7B-550BAFD8848D}.Debug|iPhoneSimulator.ActiveCfg = Debug|x86
		{8FBC0D39-DB2B-4CE6-9F7B-550BAFD8848D}.Debug|iPhoneSimulator.Build.0 = Debug|x86
		{8FBC0D39-DB2B-4CE6-9F7B-550BAFD8848D}.Debug|iPhoneSimulator.Deploy.0 = Debug|x86
		{8FBC0D39-DB2B-4CE6-9F7B-550BAFD8848D}.Debug|x64.ActiveCfg = Debug|x64
		{8FBC0D39-DB2B-4CE6-9F7B-550BAFD8848D}.Debug|x64.Build.0 = Debug|x64
		{8FBC0D39-DB2B-4CE6-9F7B-550BAFD8848D}.Debug|x64.Deploy.0 = Debug|x64
		{8FBC0D39-DB2B-4CE6-9F7B-550BAFD8848D}.Debug|x86.ActiveCfg = Debug|x86
		{8FBC0D39-DB2B-4CE6-9F7B-550BAFD8848D}.Debug|x86.Build.0 = Debug|x86
		{8FBC0D39-DB2B-4CE6-9F7B-550BAFD8848D}.Debug|x86.Deploy.0 = Debug|x86
		{8FBC0D39-DB2B-4CE6-9F7B-550BAFD8848D}.Release|Any CPU.ActiveCfg = Release|x86
		{8FBC0D39-DB2B-4CE6-9F7B-550BAFD8848D}.Release|Any CPU.Build.0 = Release|x86
		{8FBC0D39-DB2B-4CE6-9F7B-550BAFD8848D}.Release|Any CPU.Deploy.0 = Release|x86
		{8FBC0D39-DB2B-4CE6-9F7B-550BAFD8848D}.Release|ARM.ActiveCfg = Release|ARM
		{8FBC0D39-DB2B-4CE6-9F7B-550BAFD8848D}.Release|ARM.Build.0 = Release|ARM
		{8FBC0D39-DB2B-4CE6-9F7B-550BAFD8848D}.Release|ARM.Deploy.0 = Release|ARM
		{8FBC0D39-DB2B-4CE6-9F7B-550BAFD8848D}.Release|iPhone.ActiveCfg = Release|x86
		{8FBC0D39-DB2B-4CE6-9F7B-550BAFD8848D}.Release|iPhone.Build.0 = Release|x86
		{8FBC0D39-DB2B-4CE6-9F7B-550BAFD8848D}.Release|iPhone.Deploy.0 = Release|x86
		{8FBC0D39-DB2B-4CE6-9F7B-550BAFD8848D}.Release|iPhoneSimulator.ActiveCfg = Release|x86
		{8FBC0D39-DB2B-4CE6-9F7B-550BAFD8848D}.Release|iPhoneSimulator.Build.0 = Release|x86
		{8FBC0D39-DB2B-4CE6-9F7B-550BAFD8848D}.Release|iPhoneSimulator.Deploy.0 = Release|x86
		{8FBC0D39-DB2B-4CE6-9F7B-550BAFD8848D}.Release|x64.ActiveCfg = Release|x64
		{8FBC0D39-DB2B-4CE6-9F7B-550BAFD8848D}.Release|x64.Build.0 = Release|x64
		{8FBC0D39-DB2B-4CE6-9F7B-550BAFD8848D}.Release|x64.Deploy.0 = Release|x64
		{8FBC0D39-DB2B-4CE6-9F7B-550BAFD8848D}.Release|x86.ActiveCfg = Release|x86
		{8FBC0D39-DB2B-4CE6-9F7B-550BAFD8848D}.Release|x86.Build.0 = Release|x86
		{8FBC0D39-DB2B-4CE6-9F7B-550BAFD8848D}.Release|x86.Deploy.0 = Release|x86
		{142A896D-3C96-4A55-93E5-189CB859D6A5}.Debug|Any CPU.ActiveCfg = Debug|Any CPU
		{142A896D-3C96-4A55-93E5-189CB859D6A5}.Debug|Any CPU.Build.0 = Debug|Any CPU
		{142A896D-3C96-4A55-93E5-189CB859D6A5}.Debug|Any CPU.Deploy.0 = Debug|Any CPU
		{142A896D-3C96-4A55-93E5-189CB859D6A5}.Debug|ARM.ActiveCfg = Debug|Any CPU
		{142A896D-3C96-4A55-93E5-189CB859D6A5}.Debug|ARM.Build.0 = Debug|Any CPU
		{142A896D-3C96-4A55-93E5-189CB859D6A5}.Debug|ARM.Deploy.0 = Debug|Any CPU
		{142A896D-3C96-4A55-93E5-189CB859D6A5}.Debug|iPhone.ActiveCfg = Debug|Any CPU
		{142A896D-3C96-4A55-93E5-189CB859D6A5}.Debug|iPhone.Build.0 = Debug|Any CPU
		{142A896D-3C96-4A55-93E5-189CB859D6A5}.Debug|iPhone.Deploy.0 = Debug|Any CPU
		{142A896D-3C96-4A55-93E5-189CB859D6A5}.Debug|iPhoneSimulator.ActiveCfg = Debug|Any CPU
		{142A896D-3C96-4A55-93E5-189CB859D6A5}.Debug|iPhoneSimulator.Build.0 = Debug|Any CPU
		{142A896D-3C96-4A55-93E5-189CB859D6A5}.Debug|iPhoneSimulator.Deploy.0 = Debug|Any CPU
		{142A896D-3C96-4A55-93E5-189CB859D6A5}.Debug|x64.ActiveCfg = Debug|Any CPU
		{142A896D-3C96-4A55-93E5-189CB859D6A5}.Debug|x64.Build.0 = Debug|Any CPU
		{142A896D-3C96-4A55-93E5-189CB859D6A5}.Debug|x64.Deploy.0 = Debug|Any CPU
		{142A896D-3C96-4A55-93E5-189CB859D6A5}.Debug|x86.ActiveCfg = Debug|Any CPU
		{142A896D-3C96-4A55-93E5-189CB859D6A5}.Debug|x86.Build.0 = Debug|Any CPU
		{142A896D-3C96-4A55-93E5-189CB859D6A5}.Debug|x86.Deploy.0 = Debug|Any CPU
		{142A896D-3C96-4A55-93E5-189CB859D6A5}.Release|Any CPU.ActiveCfg = Release|Any CPU
		{142A896D-3C96-4A55-93E5-189CB859D6A5}.Release|Any CPU.Build.0 = Release|Any CPU
		{142A896D-3C96-4A55-93E5-189CB859D6A5}.Release|Any CPU.Deploy.0 = Release|Any CPU
		{142A896D-3C96-4A55-93E5-189CB859D6A5}.Release|ARM.ActiveCfg = Release|Any CPU
		{142A896D-3C96-4A55-93E5-189CB859D6A5}.Release|ARM.Build.0 = Release|Any CPU
		{142A896D-3C96-4A55-93E5-189CB859D6A5}.Release|ARM.Deploy.0 = Release|Any CPU
		{142A896D-3C96-4A55-93E5-189CB859D6A5}.Release|iPhone.ActiveCfg = Release|Any CPU
		{142A896D-3C96-4A55-93E5-189CB859D6A5}.Release|iPhone.Build.0 = Release|Any CPU
		{142A896D-3C96-4A55-93E5-189CB859D6A5}.Release|iPhone.Deploy.0 = Release|Any CPU
		{142A896D-3C96-4A55-93E5-189CB859D6A5}.Release|iPhoneSimulator.ActiveCfg = Release|Any CPU
		{142A896D-3C96-4A55-93E5-189CB859D6A5}.Release|iPhoneSimulator.Build.0 = Release|Any CPU
		{142A896D-3C96-4A55-93E5-189CB859D6A5}.Release|iPhoneSimulator.Deploy.0 = Release|Any CPU
		{142A896D-3C96-4A55-93E5-189CB859D6A5}.Release|x64.ActiveCfg = Release|Any CPU
		{142A896D-3C96-4A55-93E5-189CB859D6A5}.Release|x64.Build.0 = Release|Any CPU
		{142A896D-3C96-4A55-93E5-189CB859D6A5}.Release|x64.Deploy.0 = Release|Any CPU
		{142A896D-3C96-4A55-93E5-189CB859D6A5}.Release|x86.ActiveCfg = Release|Any CPU
		{142A896D-3C96-4A55-93E5-189CB859D6A5}.Release|x86.Build.0 = Release|Any CPU
		{142A896D-3C96-4A55-93E5-189CB859D6A5}.Release|x86.Deploy.0 = Release|Any CPU
		{1DF0D252-A847-4FD4-80C8-0891134C459F}.Debug|Any CPU.ActiveCfg = Debug|iPhoneSimulator
		{1DF0D252-A847-4FD4-80C8-0891134C459F}.Debug|Any CPU.Build.0 = Debug|iPhoneSimulator
		{1DF0D252-A847-4FD4-80C8-0891134C459F}.Debug|Any CPU.Deploy.0 = Debug|iPhoneSimulator
		{1DF0D252-A847-4FD4-80C8-0891134C459F}.Debug|ARM.ActiveCfg = Debug|iPhone
		{1DF0D252-A847-4FD4-80C8-0891134C459F}.Debug|ARM.Build.0 = Debug|iPhone
		{1DF0D252-A847-4FD4-80C8-0891134C459F}.Debug|ARM.Deploy.0 = Debug|iPhone
		{1DF0D252-A847-4FD4-80C8-0891134C459F}.Debug|iPhone.ActiveCfg = Debug|iPhone
		{1DF0D252-A847-4FD4-80C8-0891134C459F}.Debug|iPhone.Build.0 = Debug|iPhone
		{1DF0D252-A847-4FD4-80C8-0891134C459F}.Debug|iPhone.Deploy.0 = Debug|iPhone
		{1DF0D252-A847-4FD4-80C8-0891134C459F}.Debug|iPhoneSimulator.ActiveCfg = Debug|iPhoneSimulator
		{1DF0D252-A847-4FD4-80C8-0891134C459F}.Debug|iPhoneSimulator.Build.0 = Debug|iPhoneSimulator
		{1DF0D252-A847-4FD4-80C8-0891134C459F}.Debug|iPhoneSimulator.Deploy.0 = Debug|iPhoneSimulator
		{1DF0D252-A847-4FD4-80C8-0891134C459F}.Debug|x64.ActiveCfg = Debug|iPhoneSimulator
		{1DF0D252-A847-4FD4-80C8-0891134C459F}.Debug|x64.Build.0 = Debug|iPhoneSimulator
		{1DF0D252-A847-4FD4-80C8-0891134C459F}.Debug|x64.Deploy.0 = Debug|iPhoneSimulator
		{1DF0D252-A847-4FD4-80C8-0891134C459F}.Debug|x86.ActiveCfg = Debug|iPhoneSimulator
		{1DF0D252-A847-4FD4-80C8-0891134C459F}.Debug|x86.Build.0 = Debug|iPhoneSimulator
		{1DF0D252-A847-4FD4-80C8-0891134C459F}.Debug|x86.Deploy.0 = Debug|iPhoneSimulator
		{1DF0D252-A847-4FD4-80C8-0891134C459F}.Release|Any CPU.ActiveCfg = Release|iPhoneSimulator
		{1DF0D252-A847-4FD4-80C8-0891134C459F}.Release|Any CPU.Build.0 = Release|iPhoneSimulator
		{1DF0D252-A847-4FD4-80C8-0891134C459F}.Release|Any CPU.Deploy.0 = Release|iPhoneSimulator
		{1DF0D252-A847-4FD4-80C8-0891134C459F}.Release|ARM.ActiveCfg = Release|iPhoneSimulator
		{1DF0D252-A847-4FD4-80C8-0891134C459F}.Release|ARM.Build.0 = Release|iPhoneSimulator
		{1DF0D252-A847-4FD4-80C8-0891134C459F}.Release|ARM.Deploy.0 = Release|iPhoneSimulator
		{1DF0D252-A847-4FD4-80C8-0891134C459F}.Release|iPhone.ActiveCfg = Release|iPhone
		{1DF0D252-A847-4FD4-80C8-0891134C459F}.Release|iPhone.Build.0 = Release|iPhone
		{1DF0D252-A847-4FD4-80C8-0891134C459F}.Release|iPhone.Deploy.0 = Release|iPhone
		{1DF0D252-A847-4FD4-80C8-0891134C459F}.Release|iPhoneSimulator.ActiveCfg = Release|iPhoneSimulator
		{1DF0D252-A847-4FD4-80C8-0891134C459F}.Release|iPhoneSimulator.Build.0 = Release|iPhoneSimulator
		{1DF0D252-A847-4FD4-80C8-0891134C459F}.Release|iPhoneSimulator.Deploy.0 = Release|iPhoneSimulator
		{1DF0D252-A847-4FD4-80C8-0891134C459F}.Release|x64.ActiveCfg = Release|iPhoneSimulator
		{1DF0D252-A847-4FD4-80C8-0891134C459F}.Release|x64.Build.0 = Release|iPhoneSimulator
		{1DF0D252-A847-4FD4-80C8-0891134C459F}.Release|x64.Deploy.0 = Release|iPhoneSimulator
		{1DF0D252-A847-4FD4-80C8-0891134C459F}.Release|x86.ActiveCfg = Release|iPhoneSimulator
		{1DF0D252-A847-4FD4-80C8-0891134C459F}.Release|x86.Build.0 = Release|iPhoneSimulator
		{1DF0D252-A847-4FD4-80C8-0891134C459F}.Release|x86.Deploy.0 = Release|iPhoneSimulator
		{811A8639-4A11-4958-9EFE-2449EC23EE12}.Debug|Any CPU.ActiveCfg = Debug|Any CPU
		{811A8639-4A11-4958-9EFE-2449EC23EE12}.Debug|Any CPU.Build.0 = Debug|Any CPU
		{811A8639-4A11-4958-9EFE-2449EC23EE12}.Debug|Any CPU.Deploy.0 = Debug|Any CPU
		{811A8639-4A11-4958-9EFE-2449EC23EE12}.Debug|ARM.ActiveCfg = Debug|Any CPU
		{811A8639-4A11-4958-9EFE-2449EC23EE12}.Debug|ARM.Build.0 = Debug|Any CPU
		{811A8639-4A11-4958-9EFE-2449EC23EE12}.Debug|ARM.Deploy.0 = Debug|Any CPU
		{811A8639-4A11-4958-9EFE-2449EC23EE12}.Debug|iPhone.ActiveCfg = Debug|Any CPU
		{811A8639-4A11-4958-9EFE-2449EC23EE12}.Debug|iPhone.Build.0 = Debug|Any CPU
		{811A8639-4A11-4958-9EFE-2449EC23EE12}.Debug|iPhone.Deploy.0 = Debug|Any CPU
		{811A8639-4A11-4958-9EFE-2449EC23EE12}.Debug|iPhoneSimulator.ActiveCfg = Debug|Any CPU
		{811A8639-4A11-4958-9EFE-2449EC23EE12}.Debug|iPhoneSimulator.Build.0 = Debug|Any CPU
		{811A8639-4A11-4958-9EFE-2449EC23EE12}.Debug|iPhoneSimulator.Deploy.0 = Debug|Any CPU
		{811A8639-4A11-4958-9EFE-2449EC23EE12}.Debug|x64.ActiveCfg = Debug|Any CPU
		{811A8639-4A11-4958-9EFE-2449EC23EE12}.Debug|x64.Build.0 = Debug|Any CPU
		{811A8639-4A11-4958-9EFE-2449EC23EE12}.Debug|x64.Deploy.0 = Debug|Any CPU
		{811A8639-4A11-4958-9EFE-2449EC23EE12}.Debug|x86.ActiveCfg = Debug|Any CPU
		{811A8639-4A11-4958-9EFE-2449EC23EE12}.Debug|x86.Build.0 = Debug|Any CPU
		{811A8639-4A11-4958-9EFE-2449EC23EE12}.Debug|x86.Deploy.0 = Debug|Any CPU
		{811A8639-4A11-4958-9EFE-2449EC23EE12}.Release|Any CPU.ActiveCfg = Release|Any CPU
		{811A8639-4A11-4958-9EFE-2449EC23EE12}.Release|Any CPU.Build.0 = Release|Any CPU
		{811A8639-4A11-4958-9EFE-2449EC23EE12}.Release|Any CPU.Deploy.0 = Release|Any CPU
		{811A8639-4A11-4958-9EFE-2449EC23EE12}.Release|ARM.ActiveCfg = Release|Any CPU
		{811A8639-4A11-4958-9EFE-2449EC23EE12}.Release|ARM.Build.0 = Release|Any CPU
		{811A8639-4A11-4958-9EFE-2449EC23EE12}.Release|ARM.Deploy.0 = Release|Any CPU
		{811A8639-4A11-4958-9EFE-2449EC23EE12}.Release|iPhone.ActiveCfg = Release|Any CPU
		{811A8639-4A11-4958-9EFE-2449EC23EE12}.Release|iPhone.Build.0 = Release|Any CPU
		{811A8639-4A11-4958-9EFE-2449EC23EE12}.Release|iPhone.Deploy.0 = Release|Any CPU
		{811A8639-4A11-4958-9EFE-2449EC23EE12}.Release|iPhoneSimulator.ActiveCfg = Release|Any CPU
		{811A8639-4A11-4958-9EFE-2449EC23EE12}.Release|iPhoneSimulator.Build.0 = Release|Any CPU
		{811A8639-4A11-4958-9EFE-2449EC23EE12}.Release|iPhoneSimulator.Deploy.0 = Release|Any CPU
		{811A8639-4A11-4958-9EFE-2449EC23EE12}.Release|x64.ActiveCfg = Release|Any CPU
		{811A8639-4A11-4958-9EFE-2449EC23EE12}.Release|x64.Build.0 = Release|Any CPU
		{811A8639-4A11-4958-9EFE-2449EC23EE12}.Release|x64.Deploy.0 = Release|Any CPU
		{811A8639-4A11-4958-9EFE-2449EC23EE12}.Release|x86.ActiveCfg = Release|Any CPU
		{811A8639-4A11-4958-9EFE-2449EC23EE12}.Release|x86.Build.0 = Release|Any CPU
		{811A8639-4A11-4958-9EFE-2449EC23EE12}.Release|x86.Deploy.0 = Release|Any CPU
	EndGlobalSection
	GlobalSection(SolutionProperties) = preSolution
		HideSolutionNode = FALSE
	EndGlobalSection
	GlobalSection(ExtensibilityGlobals) = postSolution
		SolutionGuid = {E0043755-8655-4E6D-84C2-4BAE88E9774E}
	EndGlobalSection
EndGlobal
